
Microsoft Visual Studio Solution File, Format Version 12.00
# Visual Studio Version 17
VisualStudioVersion = 17.3.32929.385
MinimumVisualStudioVersion = 10.0.40219.1
Project("{FAE04EC0-301F-11D3-BF4B-00C04F79EFBC}") = "Tonvo", "Tonvo\Tonvo.csproj", "{BFC98E6B-FCF9-4EB4-8E13-B2F0A8D527E0}"
EndProject
Global
	GlobalSection(SolutionConfigurationPlatforms) = preSolution
		Debug|Any CPU = Debug|Any CPU
		Release|Any CPU = Release|Any CPU
	EndGlobalSection
	GlobalSection(ProjectConfigurationPlatforms) = postSolution
		{BFC98E6B-FCF9-4EB4-8E13-B2F0A8D527E0}.Debug|Any CPU.ActiveCfg = Debug|Any CPU
		{BFC98E6B-FCF9-4EB4-8E13-B2F0A8D527E0}.Debug|Any CPU.Build.0 = Debug|Any CPU
		{BFC98E6B-FCF9-4EB4-8E13-B2F0A8D527E0}.Release|Any CPU.ActiveCfg = Release|Any CPU
		{BFC98E6B-FCF9-4EB4-8E13-B2F0A8D527E0}.Release|Any CPU.Build.0 = Release|Any CPU
	EndGlobalSection
	GlobalSection(SolutionProperties) = preSolution
		HideSolutionNode = FALSE
	EndGlobalSection
	GlobalSection(ExtensibilityGlobals) = postSolution
		SolutionGuid = {47D755D0-B8FA-42ED-A75F-7EB52B6D143A}
	EndGlobalSection
EndGlobal
